{
  "requires": true,
  "lockfileVersion": 1,
  "dependencies": {
    "nouislider": {
      "version": "11.1.0",
      "resolved": "https://registry.npmjs.org/nouislider/-/nouislider-11.1.0.tgz",
      "integrity": "sha512-nD+Fgc8A8j6hnGvR5AaV+OBuLF446z4H2fmcEJ/6U6CJr6rAnFnionMXu7dmdghZ+bhgePvL3wrDRbu+0ux7Jg=="
    }
  }
}
